
Microsoft Visual Studio Solution File, Format Version 12.00
# Visual Studio Version 16
VisualStudioVersion = 16.0.30413.136
MinimumVisualStudioVersion = 10.0.40219.1
Project("{FAE04EC0-301F-11D3-BF4B-00C04F79EFBC}") = "MvcKutuphaneProje", "MvcKutuphaneProje\MvcKutuphaneProje.csproj", "{BEFB1CA4-55CB-4FEA-9F5D-09AE396CB674}"
EndProject
Global
	GlobalSection(SolutionConfigurationPlatforms) = preSolution
		Debug|Any CPU = Debug|Any CPU
		Release|Any CPU = Release|Any CPU
	EndGlobalSection
	GlobalSection(ProjectConfigurationPlatforms) = postSolution
		{BEFB1CA4-55CB-4FEA-9F5D-09AE396CB674}.Debug|Any CPU.ActiveCfg = Debug|Any CPU
		{BEFB1CA4-55CB-4FEA-9F5D-09AE396CB674}.Debug|Any CPU.Build.0 = Debug|Any CPU
		{BEFB1CA4-55CB-4FEA-9F5D-09AE396CB674}.Release|Any CPU.ActiveCfg = Release|Any CPU
		{BEFB1CA4-55CB-4FEA-9F5D-09AE396CB674}.Release|Any CPU.Build.0 = Release|Any CPU
	EndGlobalSection
	GlobalSection(SolutionProperties) = preSolution
		HideSolutionNode = FALSE
	EndGlobalSection
	GlobalSection(ExtensibilityGlobals) = postSolution
		SolutionGuid = {7F567104-A91C-4702-ABAC-835ADD9DA185}
	EndGlobalSection
EndGlobal
